
Microsoft Visual Studio Solution File, Format Version 12.00
# Visual Studio Version 17
VisualStudioVersion = 17.2.32630.192
MinimumVisualStudioVersion = 10.0.40219.1
Project("{FAE04EC0-301F-11D3-BF4B-00C04F79EFBC}") = "StringVSStringBuilderApp", "StringVSStringBuilderApp\StringVSStringBuilderApp.csproj", "{B5976005-DEB1-4207-AA63-274251A824C0}"
EndProject
Global
	GlobalSection(SolutionConfigurationPlatforms) = preSolution
		Debug|Any CPU = Debug|Any CPU
		Release|Any CPU = Release|Any CPU
	EndGlobalSection
	GlobalSection(ProjectConfigurationPlatforms) = postSolution
		{B5976005-DEB1-4207-AA63-274251A824C0}.Debug|Any CPU.ActiveCfg = Debug|Any CPU
		{B5976005-DEB1-4207-AA63-274251A824C0}.Debug|Any CPU.Build.0 = Debug|Any CPU
		{B5976005-DEB1-4207-AA63-274251A824C0}.Release|Any CPU.ActiveCfg = Release|Any CPU
		{B5976005-DEB1-4207-AA63-274251A824C0}.Release|Any CPU.Build.0 = Release|Any CPU
	EndGlobalSection
	GlobalSection(SolutionProperties) = preSolution
		HideSolutionNode = FALSE
	EndGlobalSection
	GlobalSection(ExtensibilityGlobals) = postSolution
		SolutionGuid = {0B996306-9B43-4440-AC03-DBC338579389}
	EndGlobalSection
EndGlobal
